
Microsoft Visual Studio Solution File, Format Version 12.00
# Visual Studio 15
VisualStudioVersion = 15.0.27428.2037
MinimumVisualStudioVersion = 10.0.40219.1
Project("{FAE04EC0-301F-11D3-BF4B-00C04F79EFBC}") = "BaseTab", "BaseTab\BaseTab.csproj", "{B218AB71-E346-47D8-83C4-DF190B065C86}"
EndProject
Project("{FAE04EC0-301F-11D3-BF4B-00C04F79EFBC}") = "SuiteFibonacci", "SuiteFibonacci\SuiteFibonacci.csproj", "{364874FD-854D-4E0E-89FC-388D9B0F74ED}"
EndProject
Project("{FAE04EC0-301F-11D3-BF4B-00C04F79EFBC}") = "TestImplList", "TestImplList\TestImplList.csproj", "{A573EE27-8970-440B-A52B-7F7E57BC0AFB}"
EndProject
Global
	GlobalSection(SolutionConfigurationPlatforms) = preSolution
		Debug|Any CPU = Debug|Any CPU
		Release|Any CPU = Release|Any CPU
	EndGlobalSection
	GlobalSection(ProjectConfigurationPlatforms) = postSolution
		{B218AB71-E346-47D8-83C4-DF190B065C86}.Debug|Any CPU.ActiveCfg = Debug|Any CPU
		{B218AB71-E346-47D8-83C4-DF190B065C86}.Debug|Any CPU.Build.0 = Debug|Any CPU
		{B218AB71-E346-47D8-83C4-DF190B065C86}.Release|Any CPU.ActiveCfg = Release|Any CPU
		{B218AB71-E346-47D8-83C4-DF190B065C86}.Release|Any CPU.Build.0 = Release|Any CPU
		{364874FD-854D-4E0E-89FC-388D9B0F74ED}.Debug|Any CPU.ActiveCfg = Debug|Any CPU
		{364874FD-854D-4E0E-89FC-388D9B0F74ED}.Debug|Any CPU.Build.0 = Debug|Any CPU
		{364874FD-854D-4E0E-89FC-388D9B0F74ED}.Release|Any CPU.ActiveCfg = Release|Any CPU
		{364874FD-854D-4E0E-89FC-388D9B0F74ED}.Release|Any CPU.Build.0 = Release|Any CPU
		{A573EE27-8970-440B-A52B-7F7E57BC0AFB}.Debug|Any CPU.ActiveCfg = Debug|Any CPU
		{A573EE27-8970-440B-A52B-7F7E57BC0AFB}.Debug|Any CPU.Build.0 = Debug|Any CPU
		{A573EE27-8970-440B-A52B-7F7E57BC0AFB}.Release|Any CPU.ActiveCfg = Release|Any CPU
		{A573EE27-8970-440B-A52B-7F7E57BC0AFB}.Release|Any CPU.Build.0 = Release|Any CPU
	EndGlobalSection
	GlobalSection(SolutionProperties) = preSolution
		HideSolutionNode = FALSE
	EndGlobalSection
	GlobalSection(ExtensibilityGlobals) = postSolution
		SolutionGuid = {77F4AD50-20AF-4691-B795-A0CC972758EF}
	EndGlobalSection
EndGlobal
